// !$*UTF8*$!
{
	archiveVersion = 1;
	classes = {
	};
	objectVersion = 48;
	objects = {

/* Begin PBXBuildFile section */
		E6EF9C8B21883D3F00342371 /* AppDelegate.swift in Sources */ = {isa = PBXBuildFile; fileRef = E6EF9C8A21883D3F00342371 /* AppDelegate.swift */; };
		E6EF9C8D21883D3F00342371 /* ViewController.swift in Sources */ = {isa = PBXBuildFile; fileRef = E6EF9C8C21883D3F00342371 /* ViewController.swift */; };
		E6EF9C9021883D3F00342371 /* Main.storyboard in Resources */ = {isa = PBXBuildFile; fileRef = E6EF9C8E21883D3F00342371 /* Main.storyboard */; };
		E6EF9C9221883D3F00342371 /* Assets.xcassets in Resources */ = {isa = PBXBuildFile; fileRef = E6EF9C9121883D3F00342371 /* Assets.xcassets */; };
		E6EF9C9521883D3F00342371 /* LaunchScreen.storyboard in Resources */ = {isa = PBXBuildFile; fileRef = E6EF9C9321883D3F00342371 /* LaunchScreen.storyboard */; };
		E6EF9CA021883D3F00342371 /* GitTutorialTests.swift in Sources */ = {isa = PBXBuildFile; fileRef = E6EF9C9F21883D3F00342371 /* GitTutorialTests.swift */; };
		E6EF9CAB21883D3F00342371 /* GitTutorialUITests.swift in Sources */ = {isa = PBXBuildFile; fileRef = E6EF9CAA21883D3F00342371 /* GitTutorialUITests.swift */; };
/* End PBXBuildFile section */

/* Begin PBXContainerItemProxy section */
		E6EF9C9C21883D3F00342371 /* PBXContainerItemProxy */ = {
			isa = PBXContainerItemProxy;
			containerPortal = E6EF9C7F21883D3F00342371 /* Project object */;
			proxyType = 1;
			remoteGlobalIDString = E6EF9C8621883D3F00342371;
			remoteInfo = GitTutorial;
		};
		E6EF9CA721883D3F00342371 /* PBXContainerItemProxy */ = {
			isa = PBXContainerItemProxy;
			containerPortal = E6EF9C7F21883D3F00342371 /* Project object */;
			proxyType = 1;
			remoteGlobalIDString = E6EF9C8621883D3F00342371;
			remoteInfo = GitTutorial;
		};
/* End PBXContainerItemProxy section */

/* Begin PBXFileReference section */
		E6EF9C8721883D3F00342371 /* GitTutorial.app */ = {isa = PBXFileReference; explicitFileType = wrapper.application; includeInIndex = 0; path = GitTutorial.app; sourceTree = BUILT_PRODUCTS_DIR; };
		E6EF9C8A21883D3F00342371 /* AppDelegate.swift */ = {isa = PBXFileReference; lastKnownFileType = sourcecode.swift; path = AppDelegate.swift; sourceTree = "<group>"; };
		E6EF9C8C21883D3F00342371 /* ViewController.swift */ = {isa = PBXFileReference; lastKnownFileType = sourcecode.swift; path = ViewController.swift; sourceTree = "<group>"; };
		E6EF9C8F21883D3F00342371 /* Base */ = {isa = PBXFileReference; lastKnownFileType = file.storyboard; name = Base; path = Base.lproj/Main.storyboard; sourceTree = "<group>"; };
		E6EF9C9121883D3F00342371 /* Assets.xcassets */ = {isa = PBXFileReference; lastKnownFileType = folder.assetcatalog; path = Assets.xcassets; sourceTree = "<group>"; };
		E6EF9C9421883D3F00342371 /* Base */ = {isa = PBXFileReference; lastKnownFileType = file.storyboard; name = Base; path = Base.lproj/LaunchScreen.storyboard; sourceTree = "<group>"; };
		E6EF9C9621883D3F00342371 /* Info.plist */ = {isa = PBXFileReference; lastKnownFileType = text.plist.xml; path = Info.plist; sourceTree = "<group>"; };
		E6EF9C9B21883D3F00342371 /* GitTutorialTests.xctest */ = {isa = PBXFileReference; explicitFileType = wrapper.cfbundle; includeInIndex = 0; path = GitTutorialTests.xctest; sourceTree = BUILT_PRODUCTS_DIR; };
		E6EF9C9F21883D3F00342371 /* GitTutorialTests.swift */ = {isa = PBXFileReference; lastKnownFileType = sourcecode.swift; path = GitTutorialTests.swift; sourceTree = "<group>"; };
		E6EF9CA121883D3F00342371 /* Info.plist */ = {isa = PBXFileReference; lastKnownFileType = text.plist.xml; path = Info.plist; sourceTree = "<group>"; };
		E6EF9CA621883D3F00342371 /* GitTutorialUITests.xctest */ = {isa = PBXFileReference; explicitFileType = wrapper.cfbundle; includeInIndex = 0; path = GitTutorialUITests.xctest; sourceTree = BUILT_PRODUCTS_DIR; };
		E6EF9CAA21883D3F00342371 /* GitTutorialUITests.swift */ = {isa = PBXFileReference; lastKnownFileType = sourcecode.swift; path = GitTutorialUITests.swift; sourceTree = "<group>"; };
		E6EF9CAC21883D3F00342371 /* Info.plist */ = {isa = PBXFileReference; lastKnownFileType = text.plist.xml; path = Info.plist; sourceTree = "<group>"; };
/* End PBXFileReference section */

/* Begin PBXFrameworksBuildPhase section */
		E6EF9C8421883D3F00342371 /* Frameworks */ = {
			isa = PBXFrameworksBuildPhase;
			buildActionMask = 2147483647;
			files = (
			);
			runOnlyForDeploymentPostprocessing = 0;
		};
		E6EF9C9821883D3F00342371 /* Frameworks */ = {
			isa = PBXFrameworksBuildPhase;
			buildActionMask = 2147483647;
			files = (
			);
			runOnlyForDeploymentPostprocessing = 0;
		};
		E6EF9CA321883D3F00342371 /* Frameworks */ = {
			isa = PBXFrameworksBuildPhase;
			buildActionMask = 2147483647;
			files = (
			);
			runOnlyForDeploymentPostprocessing = 0;
		};
/* End PBXFrameworksBuildPhase section */

/* Begin PBXGroup section */
		E6EF9C7E21883D3F00342371 = {
			isa = PBXGroup;
			children = (
				E6EF9C8921883D3F00342371 /* GitTutorial */,
				E6EF9C9E21883D3F00342371 /* GitTutorialTests */,
				E6EF9CA921883D3F00342371 /* GitTutorialUITests */,
				E6EF9C8821883D3F00342371 /* Products */,
			);
			sourceTree = "<group>";
		};
		E6EF9C8821883D3F00342371 /* Products */ = {
			isa = PBXGroup;
			children = (
				E6EF9C8721883D3F00342371 /* GitTutorial.app */,
				E6EF9C9B21883D3F00342371 /* GitTutorialTests.xctest */,
				E6EF9CA621883D3F00342371 /* GitTutorialUITests.xctest */,
			);
			name = Products;
			sourceTree = "<group>";
		};
		E6EF9C8921883D3F00342371 /* GitTutorial */ = {
			isa = PBXGroup;
			children = (
				E6EF9C8A21883D3F00342371 /* AppDelegate.swift */,
				E6EF9C8C21883D3F00342371 /* ViewController.swift */,
				E6EF9C8E21883D3F00342371 /* Main.storyboard */,
				E6EF9C9121883D3F00342371 /* Assets.xcassets */,
				E6EF9C9321883D3F00342371 /* LaunchScreen.storyboard */,
				E6EF9C9621883D3F00342371 /* Info.plist */,
			);
			path = GitTutorial;
			sourceTree = "<group>";
		};
		E6EF9C9E21883D3F00342371 /* GitTutorialTests */ = {
			isa = PBXGroup;
			children = (
				E6EF9C9F21883D3F00342371 /* GitTutorialTests.swift */,
				E6EF9CA121883D3F00342371 /* Info.plist */,
			);
			path = GitTutorialTests;
			sourceTree = "<group>";
		};
		E6EF9CA921883D3F00342371 /* GitTutorialUITests */ = {
			isa = PBXGroup;
			children = (
				E6EF9CAA21883D3F00342371 /* GitTutorialUITests.swift */,
				E6EF9CAC21883D3F00342371 /* Info.plist */,
			);
			path = GitTutorialUITests;
			sourceTree = "<group>";
		};
/* End PBXGroup section */

/* Begin PBXNativeTarget section */
		E6EF9C8621883D3F00342371 /* GitTutorial */ = {
			isa = PBXNativeTarget;
			buildConfigurationList = E6EF9CAF21883D3F00342371 /* Build configuration list for PBXNativeTarget "GitTutorial" */;
			buildPhases = (
				E6EF9C8321883D3F00342371 /* Sources */,
				E6EF9C8421883D3F00342371 /* Frameworks */,
				E6EF9C8521883D3F00342371 /* Resources */,
			);
			buildRules = (
			);
			dependencies = (
			);
			name = GitTutorial;
			productName = GitTutorial;
			productReference = E6EF9C8721883D3F00342371 /* GitTutorial.app */;
			productType = "com.apple.product-type.application";
		};
		E6EF9C9A21883D3F00342371 /* GitTutorialTests */ = {
			isa = PBXNativeTarget;
			buildConfigurationList = E6EF9CB221883D3F00342371 /* Build configuration list for PBXNativeTarget "GitTutorialTests" */;
			buildPhases = (
				E6EF9C9721883D3F00342371 /* Sources */,
				E6EF9C9821883D3F00342371 /* Frameworks */,
				E6EF9C9921883D3F00342371 /* Resources */,
			);
			buildRules = (
			);
			dependencies = (
				E6EF9C9D21883D3F00342371 /* PBXTargetDependency */,
			);
			name = GitTutorialTests;
			productName = GitTutorialTests;
			productReference = E6EF9C9B21883D3F00342371 /* GitTutorialTests.xctest */;
			productType = "com.apple.product-type.bundle.unit-test";
		};
		E6EF9CA521883D3F00342371 /* GitTutorialUITests */ = {
			isa = PBXNativeTarget;
			buildConfigurationList = E6EF9CB521883D3F00342371 /* Build configuration list for PBXNativeTarget "GitTutorialUITests" */;
			buildPhases = (
				E6EF9CA221883D3F00342371 /* Sources */,
				E6EF9CA321883D3F00342371 /* Frameworks */,
				E6EF9CA421883D3F00342371 /* Resources */,
			);
			buildRules = (
			);
			dependencies = (
				E6EF9CA821883D3F00342371 /* PBXTargetDependency */,
			);
			name = GitTutorialUITests;
			productName = GitTutorialUITests;
			productReference = E6EF9CA621883D3F00342371 /* GitTutorialUITests.xctest */;
			productType = "com.apple.product-type.bundle.ui-testing";
		};
/* End PBXNativeTarget section */

/* Begin PBXProject section */
		E6EF9C7F21883D3F00342371 /* Project object */ = {
			isa = PBXProject;
			attributes = {
				LastSwiftUpdateCheck = 0920;
				LastUpgradeCheck = 0920;
				ORGANIZATIONNAME = Enterpi;
				TargetAttributes = {
					E6EF9C8621883D3F00342371 = {
						CreatedOnToolsVersion = 9.2;
						ProvisioningStyle = Automatic;
					};
					E6EF9C9A21883D3F00342371 = {
						CreatedOnToolsVersion = 9.2;
						ProvisioningStyle = Automatic;
						TestTargetID = E6EF9C8621883D3F00342371;
					};
					E6EF9CA521883D3F00342371 = {
						CreatedOnToolsVersion = 9.2;
						ProvisioningStyle = Automatic;
						TestTargetID = E6EF9C8621883D3F00342371;
					};
				};
			};
			buildConfigurationList = E6EF9C8221883D3F00342371 /* Build configuration list for PBXProject "GitTutorial" */;
			compatibilityVersion = "Xcode 8.0";
			developmentRegion = en;
			hasScannedForEncodings = 0;
			knownRegions = (
				en,
				Base,
			);
			mainGroup = E6EF9C7E21883D3F00342371;
			productRefGroup = E6EF9C8821883D3F00342371 /* Products */;
			projectDirPath = "";
			projectRoot = "";
			targets = (
				E6EF9C8621883D3F00342371 /* GitTutorial */,
				E6EF9C9A21883D3F00342371 /* GitTutorialTests */,
				E6EF9CA521883D3F00342371 /* GitTutorialUITests */,
			);
		};
/* End PBXProject section */

/* Begin PBXResourcesBuildPhase section */
		E6EF9C8521883D3F00342371 /* Resources */ = {
			isa = PBXResourcesBuildPhase;
			buildActionMask = 2147483647;
			files = (
				E6EF9C9521883D3F00342371 /* LaunchScreen.storyboard in Resources */,
				E6EF9C9221883D3F00342371 /* Assets.xcassets in Resources */,
				E6EF9C9021883D3F00342371 /* Main.storyboard in Resources */,
			);
			runOnlyForDeploymentPostprocessing = 0;
		};
		E6EF9C9921883D3F00342371 /* Resources */ = {
			isa = PBXResourcesBuildPhase;
			buildActionMask = 2147483647;
			files = (
			);
			runOnlyForDeploymentPostprocessing = 0;
		};
		E6EF9CA421883D3F00342371 /* Resources */ = {
			isa = PBXResourcesBuildPhase;
			buildActionMask = 2147483647;
			files = (
			);
			runOnlyForDeploymentPostprocessing = 0;
		};
/* End PBXResourcesBuildPhase section */

/* Begin PBXSourcesBuildPhase section */
		E6EF9C8321883D3F00342371 /* Sources */ = {
			isa = PBXSourcesBuildPhase;
			buildActionMask = 2147483647;
			files = (
				E6EF9C8D21883D3F00342371 /* ViewController.swift in Sources */,
				E6EF9C8B21883D3F00342371 /* AppDelegate.swift in Sources */,
			);
			runOnlyForDeploymentPostprocessing = 0;
		};
		E6EF9C9721883D3F00342371 /* Sources */ = {
			isa = PBXSourcesBuildPhase;
			buildActionMask = 2147483647;
			files = (
				E6EF9CA021883D3F00342371 /* GitTutorialTests.swift in Sources */,
			);
			runOnlyForDeploymentPostprocessing = 0;
		};
		E6EF9CA221883D3F00342371 /* Sources */ = {
			isa = PBXSourcesBuildPhase;
			buildActionMask = 2147483647;
			files = (
				E6EF9CAB21883D3F00342371 /* GitTutorialUITests.swift in Sources */,
			);
			runOnlyForDeploymentPostprocessing = 0;
		};
/* End PBXSourcesBuildPhase section */

/* Begin PBXTargetDependency section */
		E6EF9C9D21883D3F00342371 /* PBXTargetDependency */ = {
			isa = PBXTargetDependency;
			target = E6EF9C8621883D3F00342371 /* GitTutorial */;
			targetProxy = E6EF9C9C21883D3F00342371 /* PBXContainerItemProxy */;
		};
		E6EF9CA821883D3F00342371 /* PBXTargetDependency */ = {
			isa = PBXTargetDependency;
			target = E6EF9C8621883D3F00342371 /* GitTutorial */;
			targetProxy = E6EF9CA721883D3F00342371 /* PBXContainerItemProxy */;
		};
/* End PBXTargetDependency section */

/* Begin PBXVariantGroup section */
		E6EF9C8E21883D3F00342371 /* Main.storyboard */ = {
			isa = PBXVariantGroup;
			children = (
				E6EF9C8F21883D3F00342371 /* Base */,
			);
			name = Main.storyboard;
			sourceTree = "<group>";
		};
		E6EF9C9321883D3F00342371 /* LaunchScreen.storyboard */ = {
			isa = PBXVariantGroup;
			children = (
				E6EF9C9421883D3F00342371 /* Base */,
			);
			name = LaunchScreen.storyboard;
			sourceTree = "<group>";
		};
/* End PBXVariantGroup section */

/* Begin XCBuildConfiguration section */
		E6EF9CAD21883D3F00342371 /* Debug */ = {
			isa = XCBuildConfiguration;
			buildSettings = {
				ALWAYS_SEARCH_USER_PATHS = NO;
				CLANG_ANALYZER_NONNULL = YES;
				CLANG_ANALYZER_NUMBER_OBJECT_CONVERSION = YES_AGGRESSIVE;
				CLANG_CXX_LANGUAGE_STANDARD = "gnu++14";
				CLANG_CXX_LIBRARY = "libc++";
				CLANG_ENABLE_MODULES = YES;
				CLANG_ENABLE_OBJC_ARC = YES;
				CLANG_WARN_BLOCK_CAPTURE_AUTORELEASING = YES;
				CLANG_WARN_BOOL_CONVERSION = YES;
				CLANG_WARN_COMMA = YES;
				CLANG_WARN_CONSTANT_CONVERSION = YES;
				CLANG_WARN_DIRECT_OBJC_ISA_USAGE = YES_ERROR;
				CLANG_WARN_DOCUMENTATION_COMMENTS = YES;
				CLANG_WARN_EMPTY_BODY = YES;
				CLANG_WARN_ENUM_CONVERSION = YES;
				CLANG_WARN_INFINITE_RECURSION = YES;
				CLANG_WARN_INT_CONVERSION = YES;
				CLANG_WARN_NON_LITERAL_NULL_CONVERSION = YES;
				CLANG_WARN_OBJC_LITERAL_CONVERSION = YES;
				CLANG_WARN_OBJC_ROOT_CLASS = YES_ERROR;
				CLANG_WARN_RANGE_LOOP_ANALYSIS = YES;
				CLANG_WARN_STRICT_PROTOTYPES = YES;
				CLANG_WARN_SUSPICIOUS_MOVE = YES;
				CLANG_WARN_UNGUARDED_AVAILABILITY = YES_AGGRESSIVE;
				CLANG_WARN_UNREACHABLE_CODE = YES;
				CLANG_WARN__DUPLICATE_METHOD_MATCH = YES;
				CODE_SIGN_IDENTITY = "iPhone Developer";
				COPY_PHASE_STRIP = NO;
				DEBUG_INFORMATION_FORMAT = dwarf;
				ENABLE_STRICT_OBJC_MSGSEND = YES;
				ENABLE_TESTABILITY = YES;
				GCC_C_LANGUAGE_STANDARD = gnu11;
				GCC_DYNAMIC_NO_PIC = NO;
				GCC_NO_COMMON_BLOCKS = YES;
				GCC_OPTIMIZATION_LEVEL = 0;
				GCC_PREPROCESSOR_DEFINITIONS = (
					"DEBUG=1",
					"$(inherited)",
				);
				GCC_WARN_64_TO_32_BIT_CONVERSION = YES;
				GCC_WARN_ABOUT_RETURN_TYPE = YES_ERROR;
				GCC_WARN_UNDECLARED_SELECTOR = YES;
				GCC_WARN_UNINITIALIZED_AUTOS = YES_AGGRESSIVE;
				GCC_WARN_UNUSED_FUNCTION = YES;
				GCC_WARN_UNUSED_VARIABLE = YES;
				IPHONEOS_DEPLOYMENT_TARGET = 11.2;
				MTL_ENABLE_DEBUG_INFO = YES;
				ONLY_ACTIVE_ARCH = YES;
				SDKROOT = iphoneos;
				SWIFT_ACTIVE_COMPILATION_CONDITIONS = DEBUG;
				SWIFT_OPTIMIZATION_LEVEL = "-Onone";
			};
			name = Debug;
		};
		E6EF9CAE21883D3F00342371 /* Release */ = {
			isa = XCBuildConfiguration;
			buildSettings = {
				ALWAYS_SEARCH_USER_PATHS = NO;
				CLANG_ANALYZER_NONNULL = YES;
				CLANG_ANALYZER_NUMBER_OBJECT_CONVERSION = YES_AGGRESSIVE;
				CLANG_CXX_LANGUAGE_STANDARD = "gnu++14";
				CLANG_CXX_LIBRARY = "libc++";
				CLANG_ENABLE_MODULES = YES;
				CLANG_ENABLE_OBJC_ARC = YES;
				CLANG_WARN_BLOCK_CAPTURE_AUTORELEASING = YES;
				CLANG_WARN_BOOL_CONVERSION = YES;
				CLANG_WARN_COMMA = YES;
				CLANG_WARN_CONSTANT_CONVERSION = YES;
				CLANG_WARN_DIRECT_OBJC_ISA_USAGE = YES_ERROR;
				CLANG_WARN_DOCUMENTATION_COMMENTS = YES;
				CLANG_WARN_EMPTY_BODY = YES;
				CLANG_WARN_ENUM_CONVERSION = YES;
				CLANG_WARN_INFINITE_RECURSION = YES;
				CLANG_WARN_INT_CONVERSION = YES;
				CLANG_WARN_NON_LITERAL_NULL_CONVERSION = YES;
				CLANG_WARN_OBJC_LITERAL_CONVERSION = YES;
				CLANG_WARN_OBJC_ROOT_CLASS = YES_ERROR;
				CLANG_WARN_RANGE_LOOP_ANALYSIS = YES;
				CLANG_WARN_STRICT_PROTOTYPES = YES;
				CLANG_WARN_SUSPICIOUS_MOVE = YES;
				CLANG_WARN_UNGUARDED_AVAILABILITY = YES_AGGRESSIVE;
				CLANG_WARN_UNREACHABLE_CODE = YES;
				CLANG_WARN__DUPLICATE_METHOD_MATCH = YES;
				CODE_SIGN_IDENTITY = "iPhone Developer";
				COPY_PHASE_STRIP = NO;
				DEBUG_INFORMATION_FORMAT = "dwarf-with-dsym";
				ENABLE_NS_ASSERTIONS = NO;
				ENABLE_STRICT_OBJC_MSGSEND = YES;
				GCC_C_LANGUAGE_STANDARD = gnu11;
				GCC_NO_COMMON_BLOCKS = YES;
				GCC_WARN_64_TO_32_BIT_CONVERSION = YES;
				GCC_WARN_ABOUT_RETURN_TYPE = YES_ERROR;
				GCC_WARN_UNDECLARED_SELECTOR = YES;
				GCC_WARN_UNINITIALIZED_AUTOS = YES_AGGRESSIVE;
				GCC_WARN_UNUSED_FUNCTION = YES;
				GCC_WARN_UNUSED_VARIABLE = YES;
				IPHONEOS_DEPLOYMENT_TARGET = 11.2;
				MTL_ENABLE_DEBUG_INFO = NO;
				SDKROOT = iphoneos;
				SWIFT_OPTIMIZATION_LEVEL = "-Owholemodule";
				VALIDATE_PRODUCT = YES;
			};
			name = Release;
		};
		E6EF9CB021883D3F00342371 /* Debug */ = {
			isa = XCBuildConfiguration;
			buildSettings = {
				ASSETCATALOG_COMPILER_APPICON_NAME = AppIcon;
				CODE_SIGN_STYLE = Automatic;
				INFOPLIST_FILE = GitTutorial/Info.plist;
				LD_RUNPATH_SEARCH_PATHS = "$(inherited) @executable_path/Frameworks";
				PRODUCT_BUNDLE_IDENTIFIER = Enterpi.GitTutorial;
				PRODUCT_NAME = "$(TARGET_NAME)";
				SWIFT_VERSION = 4.0;
				TARGETED_DEVICE_FAMILY = "1,2";
			};
			name = Debug;
		};
		E6EF9CB121883D3F00342371 /* Release */ = {
			isa = XCBuildConfiguration;
			buildSettings = {
				ASSETCATALOG_COMPILER_APPICON_NAME = AppIcon;
				CODE_SIGN_STYLE = Automatic;
				INFOPLIST_FILE = GitTutorial/Info.plist;
				LD_RUNPATH_SEARCH_PATHS = "$(inherited) @executable_path/Frameworks";
				PRODUCT_BUNDLE_IDENTIFIER = Enterpi.GitTutorial;
				PRODUCT_NAME = "$(TARGET_NAME)";
				SWIFT_VERSION = 4.0;
				TARGETED_DEVICE_FAMILY = "1,2";
			};
			name = Release;
		};
		E6EF9CB321883D3F00342371 /* Debug */ = {
			isa = XCBuildConfiguration;
			buildSettings = {
				ALWAYS_EMBED_SWIFT_STANDARD_LIBRARIES = YES;
				BUNDLE_LOADER = "$(TEST_HOST)";
				CODE_SIGN_STYLE = Automatic;
				INFOPLIST_FILE = GitTutorialTests/Info.plist;
				LD_RUNPATH_SEARCH_PATHS = "$(inherited) @executable_path/Frameworks @loader_path/Frameworks";
				PRODUCT_BUNDLE_IDENTIFIER = Enterpi.GitTutorialTests;
				PRODUCT_NAME = "$(TARGET_NAME)";
				SWIFT_VERSION = 4.0;
				TARGETED_DEVICE_FAMILY = "1,2";
				TEST_HOST = "$(BUILT_PRODUCTS_DIR)/GitTutorial.app/GitTutorial";
			};
			name = Debug;
		};
		E6EF9CB421883D3F00342371 /* Release */ = {
			isa = XCBuildConfiguration;
			buildSettings = {
				ALWAYS_EMBED_SWIFT_STANDARD_LIBRARIES = YES;
				BUNDLE_LOADER = "$(TEST_HOST)";
				CODE_SIGN_STYLE = Automatic;
				INFOPLIST_FILE = GitTutorialTests/Info.plist;
				LD_RUNPATH_SEARCH_PATHS = "$(inherited) @executable_path/Frameworks @loader_path/Frameworks";
				PRODUCT_BUNDLE_IDENTIFIER = Enterpi.GitTutorialTests;
				PRODUCT_NAME = "$(TARGET_NAME)";
				SWIFT_VERSION = 4.0;
				TARGETED_DEVICE_FAMILY = "1,2";
				TEST_HOST = "$(BUILT_PRODUCTS_DIR)/GitTutorial.app/GitTutorial";
			};
			name = Release;
		};
		E6EF9CB621883D3F00342371 /* Debug */ = {
			isa = XCBuildConfiguration;
			buildSettings = {
				ALWAYS_EMBED_SWIFT_STANDARD_LIBRARIES = YES;
				CODE_SIGN_STYLE = Automatic;
				INFOPLIST_FILE = GitTutorialUITests/Info.plist;
				LD_RUNPATH_SEARCH_PATHS = "$(inherited) @executable_path/Frameworks @loader_path/Frameworks";
				PRODUCT_BUNDLE_IDENTIFIER = Enterpi.GitTutorialUITests;
				PRODUCT_NAME = "$(TARGET_NAME)";
				SWIFT_VERSION = 4.0;
				TARGETED_DEVICE_FAMILY = "1,2";
				TEST_TARGET_NAME = GitTutorial;
			};
			name = Debug;
		};
		E6EF9CB721883D3F00342371 /* Release */ = {
			isa = XCBuildConfiguration;
			buildSettings = {
				ALWAYS_EMBED_SWIFT_STANDARD_LIBRARIES = YES;
				CODE_SIGN_STYLE = Automatic;
				INFOPLIST_FILE = GitTutorialUITests/Info.plist;
				LD_RUNPATH_SEARCH_PATHS = "$(inherited) @executable_path/Frameworks @loader_path/Frameworks";
				PRODUCT_BUNDLE_IDENTIFIER = Enterpi.GitTutorialUITests;
				PRODUCT_NAME = "$(TARGET_NAME)";
				SWIFT_VERSION = 4.0;
				TARGETED_DEVICE_FAMILY = "1,2";
				TEST_TARGET_NAME = GitTutorial;
			};
			name = Release;
		};
/* End XCBuildConfiguration section */

/* Begin XCConfigurationList section */
		E6EF9C8221883D3F00342371 /* Build configuration list for PBXProject "GitTutorial" */ = {
			isa = XCConfigurationList;
			buildConfigurations = (
				E6EF9CAD21883D3F00342371 /* Debug */,
				E6EF9CAE21883D3F00342371 /* Release */,
			);
			defaultConfigurationIsVisible = 0;
			defaultConfigurationName = Release;
		};
		E6EF9CAF21883D3F00342371 /* Build configuration list for PBXNativeTarget "GitTutorial" */ = {
			isa = XCConfigurationList;
			buildConfigurations = (
				E6EF9CB021883D3F00342371 /* Debug */,
				E6EF9CB121883D3F00342371 /* Release */,
			);
			defaultConfigurationIsVisible = 0;
			defaultConfigurationName = Release;
		};
		E6EF9CB221883D3F00342371 /* Build configuration list for PBXNativeTarget "GitTutorialTests" */ = {
			isa = XCConfigurationList;
			buildConfigurations = (
				E6EF9CB321883D3F00342371 /* Debug */,
				E6EF9CB421883D3F00342371 /* Release */,
			);
			defaultConfigurationIsVisible = 0;
			defaultConfigurationName = Release;
		};
		E6EF9CB521883D3F00342371 /* Build configuration list for PBXNativeTarget "GitTutorialUITests" */ = {
			isa = XCConfigurationList;
			buildConfigurations = (
				E6EF9CB621883D3F00342371 /* Debug */,
				E6EF9CB721883D3F00342371 /* Release */,
			);
			defaultConfigurationIsVisible = 0;
			defaultConfigurationName = Release;
		};
/* End XCConfigurationList section */
	};
	rootObject = E6EF9C7F21883D3F00342371 /* Project object */;
}
